
Microsoft Visual Studio Solution File, Format Version 12.00
# Visual Studio Version 17
VisualStudioVersion = 17.7.34031.279
MinimumVisualStudioVersion = 10.0.40219.1
Project("{FAE04EC0-301F-11D3-BF4B-00C04F79EFBC}") = "array-ex", "array-ex.csproj", "{00C3040C-CBBD-4A65-BC4D-704155A52B5D}"
EndProject
Global
	GlobalSection(SolutionConfigurationPlatforms) = preSolution
		Debug|Any CPU = Debug|Any CPU
		Release|Any CPU = Release|Any CPU
	EndGlobalSection
	GlobalSection(ProjectConfigurationPlatforms) = postSolution
		{00C3040C-CBBD-4A65-BC4D-704155A52B5D}.Debug|Any CPU.ActiveCfg = Debug|Any CPU
		{00C3040C-CBBD-4A65-BC4D-704155A52B5D}.Debug|Any CPU.Build.0 = Debug|Any CPU
		{00C3040C-CBBD-4A65-BC4D-704155A52B5D}.Release|Any CPU.ActiveCfg = Release|Any CPU
		{00C3040C-CBBD-4A65-BC4D-704155A52B5D}.Release|Any CPU.Build.0 = Release|Any CPU
	EndGlobalSection
	GlobalSection(SolutionProperties) = preSolution
		HideSolutionNode = FALSE
	EndGlobalSection
	GlobalSection(ExtensibilityGlobals) = postSolution
		SolutionGuid = {2EF1360E-5908-4A39-B5AD-423BFB0400BC}
	EndGlobalSection
EndGlobal
